# This file is automatically @generated by Poetry 1.4.2 and should not be changed by hand.

[[package]]
name = "dependency-injector"
version = "4.41.0"
description = "Dependency injection framework for Python"
category = "main"
optional = false
python-versions = "*"
files = [
    {file = "dependency-injector-4.41.0.tar.gz", hash = "sha256:939dfc657104bc3e66b67afd3fb2ebb0850c9a1e73d0d26066f2bbdd8735ff9c"},
    {file = "dependency_injector-4.41.0-cp310-cp310-macosx_10_9_x86_64.whl", hash = "sha256:a2381a251b04244125148298212550750e6e1403e9b2850cc62e0e829d050ad3"},
    {file = "dependency_injector-4.41.0-cp310-cp310-manylinux_2_17_aarch64.manylinux2014_aarch64.whl", hash = "sha256:75280dfa23f7c88e1bf56c3920d58a43516816de6f6ab2a6650bb8a0f27d5c2c"},
    {file = "dependency_injector-4.41.0-cp310-cp310-manylinux_2_17_x86_64.manylinux2014_x86_64.whl", hash = "sha256:63bfba21f8bff654a80e9b9d06dd6c43a442990b73bf89cd471314c11c541ec2"},
    {file = "dependency_injector-4.41.0-cp310-cp310-manylinux_2_5_i686.manylinux1_i686.manylinux_2_17_i686.manylinux2014_i686.whl", hash = "sha256:3535d06416251715b45f8412482b58ec1c6196a4a3baa207f947f0b03a7c4b44"},
    {file = "dependency_injector-4.41.0-cp310-cp310-musllinux_1_1_aarch64.whl", hash = "sha256:d09c08c944a25dabfb454238c1a889acd85102b93ae497de523bf9ab7947b28a"},
    {file = "dependency_injector-4.41.0-cp310-cp310-musllinux_1_1_i686.whl", hash = "sha256:586a0821720b15932addbefb00f7370fbcd5831d6ebbd6494d774b44ff96d23a"},
    {file = "dependency_injector-4.41.0-cp310-cp310-musllinux_1_1_x86_64.whl", hash = "sha256:7fa4970f12a3fc95d8796938b11c41276ad1ff4c447b0e589212eab3fc527a90"},
    {file = "dependency_injector-4.41.0-cp310-cp310-win32.whl", hash = "sha256:d557e40673de984f78dab13ebd68d27fbb2f16d7c4e3b663ea2fa2f9fae6765b"},
    {file = "dependency_injector-4.41.0-cp310-cp310-win_amd64.whl", hash = "sha256:3744c327d18408e74781bd6d8b7738745ee80ef89f2c8daecf9ebd098cb84972"},
    {file = "dependency_injector-4.41.0-cp311-cp311-macosx_10_9_x86_64.whl", hash = "sha256:89c67edffe7007cf33cee79ecbca38f48efcc2add5c280717af434db6c789377"},
    {file = "dependency_injector-4.41.0-cp311-cp311-manylinux_2_17_aarch64.manylinux2014_aarch64.whl", hash = "sha256:786f7aac592e191c9caafc47732161d807bad65c62f260cd84cd73c7e2d67d6d"},
    {file = "dependency_injector-4.41.0-cp311-cp311-manylinux_2_17_x86_64.manylinux2014_x86_64.whl", hash = "sha256:b8b61a15bc46a3aa7b29bd8a7384b650aa3a7ef943491e93c49a0540a0b3dda4"},
    {file = "dependency_injector-4.41.0-cp311-cp311-manylinux_2_5_i686.manylinux1_i686.manylinux_2_17_i686.manylinux2014_i686.whl", hash = "sha256:a4f113e5d4c3070973ad76e5bda7317e500abae6083d78689f0b6e37cf403abf"},
    {file = "dependency_injector-4.41.0-cp311-cp311-musllinux_1_1_aarch64.whl", hash = "sha256:5fa3ed8f0700e47a0e7363f949b4525ffa8277aa1c5b10ca5b41fce4dea61bb9"},
    {file = "dependency_injector-4.41.0-cp311-cp311-musllinux_1_1_i686.whl", hash = "sha256:05e15ea0f2b14c1127e8b0d1597fef13f98845679f63bf670ba12dbfc12a16ef"},
    {file = "dependency_injector-4.41.0-cp311-cp311-musllinux_1_1_x86_64.whl", hash = "sha256:3055b3fc47a0d6e5f27defb4166c0d37543a4967c279549b154afaf506ce6efc"},
    {file = "dependency_injector-4.41.0-cp311-cp311-win32.whl", hash = "sha256:37d5954026e3831663518d78bdf4be9c2dbfea691edcb73c813aa3093aa4363a"},
    {file = "dependency_injector-4.41.0-cp311-cp311-win_amd64.whl", hash = "sha256:f89a507e389b7e4d4892dd9a6f5f4da25849e24f73275478634ac594d621ab3f"},
    {file = "dependency_injector-4.41.0-cp36-cp36m-macosx_10_9_x86_64.whl", hash = "sha256:ac79f3c05747f9724bd56c06985e78331fc6c85eb50f3e3f1a35e0c60f9977e9"},
    {file = "dependency_injector-4.41.0-cp36-cp36m-manylinux_2_17_aarch64.manylinux2014_aarch64.whl", hash = "sha256:75e7a733b372db3144a34020c4233f6b94db2c6342d6d16bc5245b1b941ee2bd"},
    {file = "dependency_injector-4.41.0-cp36-cp36m-manylinux_2_17_x86_64.manylinux2014_x86_64.whl", hash = "sha256:40936d9384363331910abd59dd244158ec3572abf9d37322f15095315ac99893"},
    {file = "dependency_injector-4.41.0-cp36-cp36m-manylinux_2_5_i686.manylinux1_i686.manylinux_2_17_i686.manylinux2014_i686.whl", hash = "sha256:4a31d9d60be4b585585081109480cfb2ef564d3b851cb32a139bf8408411a93a"},
    {file = "dependency_injector-4.41.0-cp36-cp36m-musllinux_1_1_aarch64.whl", hash = "sha256:953bfac819d32dc72b963767589e0ed372e5e9e78b03fb6b89419d0500d34bbe"},
    {file = "dependency_injector-4.41.0-cp36-cp36m-musllinux_1_1_i686.whl", hash = "sha256:8f0090ff14038f17a026ca408a3a0b0e7affb6aa7498b2b59d670f40ac970fbe"},
    {file = "dependency_injector-4.41.0-cp36-cp36m-musllinux_1_1_x86_64.whl", hash = "sha256:6b29abac56ce347d2eb58a560723e1663ee2125cf5cc38866ed92b84319927ec"},
    {file = "dependency_injector-4.41.0-cp36-cp36m-win32.whl", hash = "sha256:059fbb48333148143e8667a5323d162628dfe27c386bd0ed3deeecfc390338bf"},
    {file = "dependency_injector-4.41.0-cp36-cp36m-win_amd64.whl", hash = "sha256:16de2797dcfcc2263b8672bf0751166f7c7b369ca2ff9246ceb67b65f8e1d802"},
    {file = "dependency_injector-4.41.0-cp37-cp37m-macosx_10_9_x86_64.whl", hash = "sha256:c71d30b6708438050675f338edb9a25bea6c258478dbe5ec8405286756a2d347"},
    {file = "dependency_injector-4.41.0-cp37-cp37m-manylinux_2_17_aarch64.manylinux2014_aarch64.whl", hash = "sha256:d283aee588a72072439e6721cb64aa6cba5bc18c576ef0ab28285a6ec7a9d655"},
    {file = "dependency_injector-4.41.0-cp37-cp37m-manylinux_2_17_x86_64.manylinux2014_x86_64.whl", hash = "sha256:bc852da612c7e347f2fcf921df2eca2718697a49f648a28a63db3ab504fd9510"},
    {file = "dependency_injector-4.41.0-cp37-cp37m-manylinux_2_5_i686.manylinux1_i686.manylinux_2_17_i686.manylinux2014_i686.whl", hash = "sha256:02620454ee8101f77a317f3229935ce687480883d72a40858ff4b0c87c935cce"},
    {file = "dependency_injector-4.41.0-cp37-cp37m-musllinux_1_1_aarch64.whl", hash = "sha256:7a92680bea1c260e5c0d2d6cd60b0c913cba76a456a147db5ac047ecfcfcc758"},
    {file = "dependency_injector-4.41.0-cp37-cp37m-musllinux_1_1_i686.whl", hash = "sha256:168334cba3f1cbf55299ef38f0f2e31879115cc767b780c859f7814a52d80abb"},
    {file = "dependency_injector-4.41.0-cp37-cp37m-musllinux_1_1_x86_64.whl", hash = "sha256:48b6886a87b4ceb9b9f78550f77b2a5c7d2ce33bc83efd886556ad468cc9c85a"},
    {file = "dependency_injector-4.41.0-cp37-cp37m-win32.whl", hash = "sha256:87be84084a1b922c4ba15e2e5aa900ee24b78a5467997cb7aec0a1d6cdb4a00b"},
    {file = "dependency_injector-4.41.0-cp37-cp37m-win_amd64.whl", hash = "sha256:8b8cf1c6c56f5c18bdbd9f5e93b52ca29cb4d99606d4056e91f0c761eef496dc"},
    {file = "dependency_injector-4.41.0-cp38-cp38-macosx_10_9_x86_64.whl", hash = "sha256:a8686fa330c83251c75c8238697686f7a0e0f6d40658538089165dc72df9bcff"},
    {file = "dependency_injector-4.41.0-cp38-cp38-manylinux_2_17_aarch64.manylinux2014_aarch64.whl", hash = "sha256:8d670a844268dcd758195e58e9a5b39fc74bb8648aba99a13135a4a10ec9cfac"},
    {file = "dependency_injector-4.41.0-cp38-cp38-manylinux_2_17_x86_64.manylinux2014_x86_64.whl", hash = "sha256:9e3b9d41e0eff4c8e16fea1e33de66ff0030fe51137ca530f3c52ce110447914"},
    {file = "dependency_injector-4.41.0-cp38-cp38-manylinux_2_5_i686.manylinux1_i686.manylinux_2_17_i686.manylinux2014_i686.whl", hash = "sha256:33a724e0a737baadb4378f5dc1b079867cc3a88552fcca719b3dba84716828b2"},
    {file = "dependency_injector-4.41.0-cp38-cp38-musllinux_1_1_aarch64.whl", hash = "sha256:3588bd887b051d16b8bcabaae1127eb14059a0719a8fe34c8a75ba59321b352c"},
    {file = "dependency_injector-4.41.0-cp38-cp38-musllinux_1_1_i686.whl", hash = "sha256:409441122f40e1b4b8582845fdd76deb9dc5c9d6eb74a057b85736ef9e9c671f"},
    {file = "dependency_injector-4.41.0-cp38-cp38-musllinux_1_1_x86_64.whl", hash = "sha256:7dcba8665cafec825b7095d5dd80afb5cf14404450eca3fe8b66e1edbf4dbc10"},
    {file = "dependency_injector-4.41.0-cp38-cp38-win32.whl", hash = "sha256:8b51efeaebacaf79ef68edfc65e9687699ccffb3538c4a3ab30d0d77e2db7189"},
    {file = "dependency_injector-4.41.0-cp38-cp38-win_amd64.whl", hash = "sha256:1662e2ef60ac6e681b9e11b5d8b7c17a0f733688916cf695f9540f8f50a61b1e"},
    {file = "dependency_injector-4.41.0-cp39-cp39-macosx_10_9_x86_64.whl", hash = "sha256:51217cb384b468d7cc355544cec20774859f00812f9a1a71ed7fa701c957b2a7"},
    {file = "dependency_injector-4.41.0-cp39-cp39-manylinux_2_17_aarch64.manylinux2014_aarch64.whl", hash = "sha256:b3890a12423ae3a9eade035093beba487f8d092ee6c6cb8706f4e7080a56e819"},
    {file = "dependency_injector-4.41.0-cp39-cp39-manylinux_2_17_x86_64.manylinux2014_x86_64.whl", hash = "sha256:99ed73b1521bf249e2823a08a730c9f9413a58f4b4290da022e0ad4fb333ba3d"},
    {file = "dependency_injector-4.41.0-cp39-cp39-manylinux_2_5_i686.manylinux1_i686.manylinux_2_17_i686.manylinux2014_i686.whl", hash = "sha256:300838e9d4f3fbf539892a5a4072851728e23b37a1f467afcf393edd994d88f0"},
    {file = "dependency_injector-4.41.0-cp39-cp39-musllinux_1_1_aarch64.whl", hash = "sha256:56d37b9d2f50a18f059d9abdbea7669a7518bd42b81603c21a27910a2b3f1657"},
    {file = "dependency_injector-4.41.0-cp39-cp39-musllinux_1_1_i686.whl", hash = "sha256:4a44ca3ce5867513a70b31855b218be3d251f5068ce1c480cc3a4ad24ffd3280"},
    {file = "dependency_injector-4.41.0-cp39-cp39-musllinux_1_1_x86_64.whl", hash = "sha256:67b369592c57549ccdcad0d5fef1ddb9d39af7fed8083d76e789ab0111fc6389"},
    {file = "dependency_injector-4.41.0-cp39-cp39-win32.whl", hash = "sha256:740a8e8106a04d3f44b52b25b80570fdac96a8a3934423de7c9202c5623e7936"},
    {file = "dependency_injector-4.41.0-cp39-cp39-win_amd64.whl", hash = "sha256:22b11dbf696e184f0b3d5ac4e5418aeac3c379ba4ea758c04a83869b7e5d1cbf"},
    {file = "dependency_injector-4.41.0-pp37-pypy37_pp73-macosx_10_9_x86_64.whl", hash = "sha256:b365a8548e9a49049fa6acb24d3cd939f619eeb8e300ca3e156e44402dcc07ec"},
    {file = "dependency_injector-4.41.0-pp37-pypy37_pp73-manylinux_2_17_aarch64.manylinux2014_aarch64.whl", hash = "sha256:5168dc59808317dc4cdd235aa5d7d556d33e5600156acaf224cead236b48a3e8"},
    {file = "dependency_injector-4.41.0-pp37-pypy37_pp73-manylinux_2_5_i686.manylinux1_i686.manylinux_2_17_i686.manylinux2014_i686.whl", hash = "sha256:e3229d83e99e255451605d5276604386e06ad948e3d60f31ddd796781c77f76f"},
    {file = "dependency_injector-4.41.0-pp37-pypy37_pp73-manylinux_2_5_x86_64.manylinux1_x86_64.manylinux_2_17_x86_64.manylinux2014_x86_64.whl", hash = "sha256:1baee908f21190bdc46a65ce4c417a5175e9397ca62354928694fce218f84487"},
    {file = "dependency_injector-4.41.0-pp37-pypy37_pp73-win_amd64.whl", hash = "sha256:b37f36ecb0c1227f697e1d4a029644e3eda8dd0f0716aa63ad04d96dbb15bbbb"},
    {file = "dependency_injector-4.41.0-pp38-pypy38_pp73-macosx_10_9_x86_64.whl", hash = "sha256:b0c9c966ff66c77364a2d43d08de9968aff7e3903938fe912ba49796b2133344"},
    {file = "dependency_injector-4.41.0-pp38-pypy38_pp73-manylinux_2_17_aarch64.manylinux2014_aarch64.whl", hash = "sha256:12e91ac0333e7e589421943ff6c6bf9cf0d9ac9703301cec37ccff3723406332"},
    {file = "dependency_injector-4.41.0-pp38-pypy38_pp73-manylinux_2_5_i686.manylinux1_i686.manylinux_2_17_i686.manylinux2014_i686.whl", hash = "sha256:b2440b32474d4e747209528ca3ae48f42563b2fbe3d74dbfe949c11dfbfef7c4"},
    {file = "dependency_injector-4.41.0-pp38-pypy38_pp73-manylinux_2_5_x86_64.manylinux1_x86_64.manylinux_2_17_x86_64.manylinux2014_x86_64.whl", hash = "sha256:54032d62610cf2f4421c9d92cef52957215aaa0bca403cda580c58eb3f726eda"},
    {file = "dependency_injector-4.41.0-pp38-pypy38_pp73-win_amd64.whl", hash = "sha256:76b94c8310929e54136f3cb3de3adc86d1a657b3984299f40bf1cd2ba0bae548"},
    {file = "dependency_injector-4.41.0-pp39-pypy39_pp73-macosx_10_9_x86_64.whl", hash = "sha256:6ee9810841c6e0599356cb884d16453bfca6ab739d0e4f0248724ed8f9ee0d79"},
    {file = "dependency_injector-4.41.0-pp39-pypy39_pp73-manylinux_2_17_aarch64.manylinux2014_aarch64.whl", hash = "sha256:6b98945edae88e777091bf0848f869fb94bd76dfa4066d7c870a5caa933391d0"},
    {file = "dependency_injector-4.41.0-pp39-pypy39_pp73-manylinux_2_5_i686.manylinux1_i686.manylinux_2_17_i686.manylinux2014_i686.whl", hash = "sha256:a2dee5d4abdd21f1a30a51d46645c095be9dcc404c7c6e9f81d0a01415a49e64"},
    {file = "dependency_injector-4.41.0-pp39-pypy39_pp73-manylinux_2_5_x86_64.manylinux1_x86_64.manylinux_2_17_x86_64.manylinux2014_x86_64.whl", hash = "sha256:d03f5fa0fa98a18bd0dfce846db80e2798607f0b861f1f99c97f441f7669d7a2"},
    {file = "dependency_injector-4.41.0-pp39-pypy39_pp73-win_amd64.whl", hash = "sha256:f2842e15bae664a9f69932e922b02afa055c91efec959cb1896f6c499bf68180"},
]

[package.dependencies]
six = ">=1.7.0,<=1.16.0"

[package.extras]
aiohttp = ["aiohttp"]
flask = ["flask"]
pydantic = ["pydantic"]
yaml = ["pyyaml"]

[[package]]
name = "greenlet"
version = "2.0.2"
description = "Lightweight in-process concurrent programming"
category = "main"
optional = false
python-versions = ">=2.7,!=3.0.*,!=3.1.*,!=3.2.*,!=3.3.*,!=3.4.*"
files = [
    {file = "greenlet-2.0.2-cp27-cp27m-macosx_10_14_x86_64.whl", hash = "sha256:bdfea8c661e80d3c1c99ad7c3ff74e6e87184895bbaca6ee8cc61209f8b9b85d"},
    {file = "greenlet-2.0.2-cp27-cp27m-manylinux2010_x86_64.whl", hash = "sha256:9d14b83fab60d5e8abe587d51c75b252bcc21683f24699ada8fb275d7712f5a9"},
    {file = "greenlet-2.0.2-cp27-cp27m-win32.whl", hash = "sha256:6c3acb79b0bfd4fe733dff8bc62695283b57949ebcca05ae5c129eb606ff2d74"},
    {file = "greenlet-2.0.2-cp27-cp27m-win_amd64.whl", hash = "sha256:283737e0da3f08bd637b5ad058507e578dd462db259f7f6e4c5c365ba4ee9343"},
    {file = "greenlet-2.0.2-cp27-cp27mu-manylinux2010_x86_64.whl", hash = "sha256:d27ec7509b9c18b6d73f2f5ede2622441de812e7b1a80bbd446cb0633bd3d5ae"},
    {file = "greenlet-2.0.2-cp310-cp310-macosx_11_0_x86_64.whl", hash = "sha256:30bcf80dda7f15ac77ba5af2b961bdd9dbc77fd4ac6105cee85b0d0a5fcf74df"},
    {file = "greenlet-2.0.2-cp310-cp310-manylinux_2_17_aarch64.manylinux2014_aarch64.whl", hash = "sha256:26fbfce90728d82bc9e6c38ea4d038cba20b7faf8a0ca53a9c07b67318d46088"},
    {file = "greenlet-2.0.2-cp310-cp310-manylinux_2_17_ppc64le.manylinux2014_ppc64le.whl", hash = "sha256:9190f09060ea4debddd24665d6804b995a9c122ef5917ab26e1566dcc712ceeb"},
    {file = "greenlet-2.0.2-cp310-cp310-manylinux_2_17_x86_64.manylinux2014_x86_64.whl", hash = "sha256:d75209eed723105f9596807495d58d10b3470fa6732dd6756595e89925ce2470"},
    {file = "greenlet-2.0.2-cp310-cp310-musllinux_1_1_aarch64.whl", hash = "sha256:3a51c9751078733d88e013587b108f1b7a1fb106d402fb390740f002b6f6551a"},
    {file = "greenlet-2.0.2-cp310-cp310-musllinux_1_1_x86_64.whl", hash = "sha256:76ae285c8104046b3a7f06b42f29c7b73f77683df18c49ab5af7983994c2dd91"},
    {file = "greenlet-2.0.2-cp310-cp310-win_amd64.whl", hash = "sha256:2d4686f195e32d36b4d7cf2d166857dbd0ee9f3d20ae349b6bf8afc8485b3645"},
    {file = "greenlet-2.0.2-cp311-cp311-macosx_10_9_universal2.whl", hash = "sha256:c4302695ad8027363e96311df24ee28978162cdcdd2006476c43970b384a244c"},
    {file = "greenlet-2.0.2-cp311-cp311-manylinux_2_17_aarch64.manylinux2014_aarch64.whl", hash = "sha256:c48f54ef8e05f04d6eff74b8233f6063cb1ed960243eacc474ee73a2ea8573ca"},
    {file = "greenlet-2.0.2-cp311-cp311-manylinux_2_17_ppc64le.manylinux2014_ppc64le.whl", hash = "sha256:a1846f1b999e78e13837c93c778dcfc3365902cfb8d1bdb7dd73ead37059f0d0"},
    {file = "greenlet-2.0.2-cp311-cp311-manylinux_2_17_x86_64.manylinux2014_x86_64.whl", hash = "sha256:3a06ad5312349fec0ab944664b01d26f8d1f05009566339ac6f63f56589bc1a2"},
    {file = "greenlet-2.0.2-cp311-cp311-musllinux_1_1_aarch64.whl", hash = "sha256:eff4eb9b7eb3e4d0cae3d28c283dc16d9bed6b193c2e1ace3ed86ce48ea8df19"},
    {file = "greenlet-2.0.2-cp311-cp311-musllinux_1_1_x86_64.whl", hash = "sha256:5454276c07d27a740c5892f4907c86327b632127dd9abec42ee62e12427ff7e3"},
    {file = "greenlet-2.0.2-cp311-cp311-win_amd64.whl", hash = "sha256:7cafd1208fdbe93b67c7086876f061f660cfddc44f404279c1585bbf3cdc64c5"},
    {file = "greenlet-2.0.2-cp35-cp35m-macosx_10_14_x86_64.whl", hash = "sha256:910841381caba4f744a44bf81bfd573c94e10b3045ee00de0cbf436fe50673a6"},
    {file = "greenlet-2.0.2-cp35-cp35m-manylinux2010_x86_64.whl", hash = "sha256:18a7f18b82b52ee85322d7a7874e676f34ab319b9f8cce5de06067384aa8ff43"},
    {file = "greenlet-2.0.2-cp35-cp35m-win32.whl", hash = "sha256:03a8f4f3430c3b3ff8d10a2a86028c660355ab637cee9333d63d66b56f09d52a"},
    {file = "greenlet-2.0.2-cp35-cp35m-win_amd64.whl", hash = "sha256:4b58adb399c4d61d912c4c331984d60eb66565175cdf4a34792cd9600f21b394"},
    {file = "greenlet-2.0.2-cp36-cp36m-macosx_10_14_x86_64.whl", hash = "sha256:703f18f3fda276b9a916f0934d2fb6d989bf0b4fb5a64825260eb9bfd52d78f0"},
    {file = "greenlet-2.0.2-cp36-cp36m-manylinux2010_x86_64.whl", hash = "sha256:32e5b64b148966d9cccc2c8d35a671409e45f195864560829f395a54226408d3"},
    {file = "greenlet-2.0.2-cp36-cp36m-manylinux_2_17_aarch64.manylinux2014_aarch64.whl", hash = "sha256:2dd11f291565a81d71dab10b7033395b7a3a5456e637cf997a6f33ebdf06f8db"},
    {file = "greenlet-2.0.2-cp36-cp36m-manylinux_2_17_ppc64le.manylinux2014_ppc64le.whl", hash = "sha256:e0f72c9ddb8cd28532185f54cc1453f2c16fb417a08b53a855c4e6a418edd099"},
    {file = "greenlet-2.0.2-cp36-cp36m-manylinux_2_17_x86_64.manylinux2014_x86_64.whl", hash = "sha256:cd021c754b162c0fb55ad5d6b9d960db667faad0fa2ff25bb6e1301b0b6e6a75"},
    {file = "greenlet-2.0.2-cp36-cp36m-musllinux_1_1_aarch64.whl", hash = "sha256:3c9b12575734155d0c09d6c3e10dbd81665d5c18e1a7c6597df72fd05990c8cf"},
    {file = "greenlet-2.0.2-cp36-cp36m-musllinux_1_1_x86_64.whl", hash = "sha256:b9ec052b06a0524f0e35bd8790686a1da006bd911dd1ef7d50b77bfbad74e292"},
    {file = "greenlet-2.0.2-cp36-cp36m-win32.whl", hash = "sha256:dbfcfc0218093a19c252ca8eb9aee3d29cfdcb586df21049b9d777fd32c14fd9"},
    {file = "greenlet-2.0.2-cp36-cp36m-win_amd64.whl", hash = "sha256:9f35ec95538f50292f6d8f2c9c9f8a3c6540bbfec21c9e5b4b751e0a7c20864f"},
    {file = "greenlet-2.0.2-cp37-cp37m-macosx_10_15_x86_64.whl", hash = "sha256:d5508f0b173e6aa47273bdc0a0b5ba055b59662ba7c7ee5119528f466585526b"},
    {file = "greenlet-2.0.2-cp37-cp37m-manylinux2010_x86_64.whl", hash = "sha256:f82d4d717d8ef19188687aa32b8363e96062911e63ba22a0cff7802a8e58e5f1"},
    {file = "greenlet-2.0.2-cp37-cp37m-manylinux_2_17_aarch64.manylinux2014_aarch64.whl", hash = "sha256:c9c59a2120b55788e800d82dfa99b9e156ff8f2227f07c5e3012a45a399620b7"},
    {file = "greenlet-2.0.2-cp37-cp37m-manylinux_2_17_ppc64le.manylinux2014_ppc64le.whl", hash = "sha256:2780572ec463d44c1d3ae850239508dbeb9fed38e294c68d19a24d925d9223ca"},
    {file = "greenlet-2.0.2-cp37-cp37m-manylinux_2_17_x86_64.manylinux2014_x86_64.whl", hash = "sha256:937e9020b514ceedb9c830c55d5c9872abc90f4b5862f89c0887033ae33c6f73"},
    {file = "greenlet-2.0.2-cp37-cp37m-musllinux_1_1_aarch64.whl", hash = "sha256:36abbf031e1c0f79dd5d596bfaf8e921c41df2bdf54ee1eed921ce1f52999a86"},
    {file = "greenlet-2.0.2-cp37-cp37m-musllinux_1_1_x86_64.whl", hash = "sha256:18e98fb3de7dba1c0a852731c3070cf022d14f0d68b4c87a19cc1016f3bb8b33"},
    {file = "greenlet-2.0.2-cp37-cp37m-win32.whl", hash = "sha256:3f6ea9bd35eb450837a3d80e77b517ea5bc56b4647f5502cd28de13675ee12f7"},
    {file = "greenlet-2.0.2-cp37-cp37m-win_amd64.whl", hash = "sha256:7492e2b7bd7c9b9916388d9df23fa49d9b88ac0640db0a5b4ecc2b653bf451e3"},
    {file = "greenlet-2.0.2-cp38-cp38-macosx_10_15_x86_64.whl", hash = "sha256:b864ba53912b6c3ab6bcb2beb19f19edd01a6bfcbdfe1f37ddd1778abfe75a30"},
    {file = "greenlet-2.0.2-cp38-cp38-manylinux2010_x86_64.whl", hash = "sha256:ba2956617f1c42598a308a84c6cf021a90ff3862eddafd20c3333d50f0edb45b"},
    {file = "greenlet-2.0.2-cp38-cp38-manylinux_2_17_aarch64.manylinux2014_aarch64.whl", hash = "sha256:fc3a569657468b6f3fb60587e48356fe512c1754ca05a564f11366ac9e306526"},
    {file = "greenlet-2.0.2-cp38-cp38-manylinux_2_17_ppc64le.manylinux2014_ppc64le.whl", hash = "sha256:8eab883b3b2a38cc1e050819ef06a7e6344d4a990d24d45bc6f2cf959045a45b"},
    {file = "greenlet-2.0.2-cp38-cp38-manylinux_2_17_x86_64.manylinux2014_x86_64.whl", hash = "sha256:acd2162a36d3de67ee896c43effcd5ee3de247eb00354db411feb025aa319857"},
    {file = "greenlet-2.0.2-cp38-cp38-musllinux_1_1_aarch64.whl", hash = "sha256:0bf60faf0bc2468089bdc5edd10555bab6e85152191df713e2ab1fcc86382b5a"},
    {file = "greenlet-2.0.2-cp38-cp38-musllinux_1_1_x86_64.whl", hash = "sha256:b0ef99cdbe2b682b9ccbb964743a6aca37905fda5e0452e5ee239b1654d37f2a"},
    {file = "greenlet-2.0.2-cp38-cp38-win32.whl", hash = "sha256:b80f600eddddce72320dbbc8e3784d16bd3fb7b517e82476d8da921f27d4b249"},
    {file = "greenlet-2.0.2-cp38-cp38-win_amd64.whl", hash = "sha256:4d2e11331fc0c02b6e84b0d28ece3a36e0548ee1a1ce9ddde03752d9b79bba40"},
    {file = "greenlet-2.0.2-cp39-cp39-macosx_11_0_x86_64.whl", hash = "sha256:88d9ab96491d38a5ab7c56dd7a3cc37d83336ecc564e4e8816dbed12e5aaefc8"},
    {file = "greenlet-2.0.2-cp39-cp39-manylinux2010_x86_64.whl", hash = "sha256:561091a7be172ab497a3527602d467e2b3fbe75f9e783d8b8ce403fa414f71a6"},
    {file = "greenlet-2.0.2-cp39-cp39-manylinux_2_17_aarch64.manylinux2014_aarch64.whl", hash = "sha256:971ce5e14dc5e73715755d0ca2975ac88cfdaefcaab078a284fea6cfabf866df"},
    {file = "greenlet-2.0.2-cp39-cp39-manylinux_2_17_ppc64le.manylinux2014_ppc64le.whl", hash = "sha256:be4ed120b52ae4d974aa40215fcdfde9194d63541c7ded40ee12eb4dda57b76b"},
    {file = "greenlet-2.0.2-cp39-cp39-manylinux_2_17_x86_64.manylinux2014_x86_64.whl", hash = "sha256:94c817e84245513926588caf1152e3b559ff794d505555211ca041f032abbb6b"},
    {file = "greenlet-2.0.2-cp39-cp39-musllinux_1_1_aarch64.whl", hash = "sha256:1a819eef4b0e0b96bb0d98d797bef17dc1b4a10e8d7446be32d1da33e095dbb8"},
    {file = "greenlet-2.0.2-cp39-cp39-musllinux_1_1_x86_64.whl", hash = "sha256:7efde645ca1cc441d6dc4b48c0f7101e8d86b54c8530141b09fd31cef5149ec9"},
    {file = "greenlet-2.0.2-cp39-cp39-win32.whl", hash = "sha256:ea9872c80c132f4663822dd2a08d404073a5a9b5ba6155bea72fb2a79d1093b5"},
    {file = "greenlet-2.0.2-cp39-cp39-win_amd64.whl", hash = "sha256:db1a39669102a1d8d12b57de2bb7e2ec9066a6f2b3da35ae511ff93b01b5d564"},
    {file = "greenlet-2.0.2.tar.gz", hash = "sha256:e7c8dc13af7db097bed64a051d2dd49e9f0af495c26995c00a9ee842690d34c0"},
]

[package.extras]
docs = ["Sphinx", "docutils (<0.18)"]
test = ["objgraph", "psutil"]

[[package]]
name = "psycopg2-binary"
version = "2.9.7"
description = "psycopg2 - Python-PostgreSQL Database Adapter"
category = "main"
optional = false
python-versions = ">=3.6"
files = [
    {file = "psycopg2-binary-2.9.7.tar.gz", hash = "sha256:1b918f64a51ffe19cd2e230b3240ba481330ce1d4b7875ae67305bd1d37b041c"},
    {file = "psycopg2_binary-2.9.7-cp310-cp310-macosx_10_9_x86_64.whl", hash = "sha256:ea5f8ee87f1eddc818fc04649d952c526db4426d26bab16efbe5a0c52b27d6ab"},
    {file = "psycopg2_binary-2.9.7-cp310-cp310-macosx_11_0_arm64.whl", hash = "sha256:2993ccb2b7e80844d534e55e0f12534c2871952f78e0da33c35e648bf002bbff"},
    {file = "psycopg2_binary-2.9.7-cp310-cp310-manylinux_2_17_aarch64.manylinux2014_aarch64.whl", hash = "sha256:dbbc3c5d15ed76b0d9db7753c0db40899136ecfe97d50cbde918f630c5eb857a"},
    {file = "psycopg2_binary-2.9.7-cp310-cp310-manylinux_2_17_i686.manylinux2014_i686.whl", hash = "sha256:692df8763b71d42eb8343f54091368f6f6c9cfc56dc391858cdb3c3ef1e3e584"},
    {file = "psycopg2_binary-2.9.7-cp310-cp310-manylinux_2_17_ppc64le.manylinux2014_ppc64le.whl", hash = "sha256:9dcfd5d37e027ec393a303cc0a216be564b96c80ba532f3d1e0d2b5e5e4b1e6e"},
    {file = "psycopg2_binary-2.9.7-cp310-cp310-manylinux_2_17_x86_64.manylinux2014_x86_64.whl", hash = "sha256:17cc17a70dfb295a240db7f65b6d8153c3d81efb145d76da1e4a096e9c5c0e63"},
    {file = "psycopg2_binary-2.9.7-cp310-cp310-musllinux_1_1_aarch64.whl", hash = "sha256:e5666632ba2b0d9757b38fc17337d84bdf932d38563c5234f5f8c54fd01349c9"},
    {file = "psycopg2_binary-2.9.7-cp310-cp310-musllinux_1_1_i686.whl", hash = "sha256:7db7b9b701974c96a88997d458b38ccb110eba8f805d4b4f74944aac48639b42"},
    {file = "psycopg2_binary-2.9.7-cp310-cp310-musllinux_1_1_ppc64le.whl", hash = "sha256:c82986635a16fb1fa15cd5436035c88bc65c3d5ced1cfaac7f357ee9e9deddd4"},
    {file = "psycopg2_binary-2.9.7-cp310-cp310-musllinux_1_1_x86_64.whl", hash = "sha256:4fe13712357d802080cfccbf8c6266a3121dc0e27e2144819029095ccf708372"},
    {file = "psycopg2_binary-2.9.7-cp310-cp310-win32.whl", hash = "sha256:122641b7fab18ef76b18860dd0c772290566b6fb30cc08e923ad73d17461dc63"},
    {file = "psycopg2_binary-2.9.7-cp310-cp310-win_amd64.whl", hash = "sha256:f8651cf1f144f9ee0fa7d1a1df61a9184ab72962531ca99f077bbdcba3947c58"},
    {file = "psycopg2_binary-2.9.7-cp311-cp311-macosx_10_9_x86_64.whl", hash = "sha256:4ecc15666f16f97709106d87284c136cdc82647e1c3f8392a672616aed3c7151"},
    {file = "psycopg2_binary-2.9.7-cp311-cp311-macosx_11_0_arm64.whl", hash = "sha256:3fbb1184c7e9d28d67671992970718c05af5f77fc88e26fd7136613c4ece1f89"},
    {file = "psycopg2_binary-2.9.7-cp311-cp311-manylinux_2_17_aarch64.manylinux2014_aarch64.whl", hash = "sha256:8a7968fd20bd550431837656872c19575b687f3f6f98120046228e451e4064df"},
    {file = "psycopg2_binary-2.9.7-cp311-cp311-manylinux_2_17_i686.manylinux2014_i686.whl", hash = "sha256:094af2e77a1976efd4956a031028774b827029729725e136514aae3cdf49b87b"},
    {file = "psycopg2_binary-2.9.7-cp311-cp311-manylinux_2_17_ppc64le.manylinux2014_ppc64le.whl", hash = "sha256:26484e913d472ecb6b45937ea55ce29c57c662066d222fb0fbdc1fab457f18c5"},
    {file = "psycopg2_binary-2.9.7-cp311-cp311-manylinux_2_17_x86_64.manylinux2014_x86_64.whl", hash = "sha256:8f309b77a7c716e6ed9891b9b42953c3ff7d533dc548c1e33fddc73d2f5e21f9"},
    {file = "psycopg2_binary-2.9.7-cp311-cp311-musllinux_1_1_aarch64.whl", hash = "sha256:6d92e139ca388ccfe8c04aacc163756e55ba4c623c6ba13d5d1595ed97523e4b"},
    {file = "psycopg2_binary-2.9.7-cp311-cp311-musllinux_1_1_i686.whl", hash = "sha256:2df562bb2e4e00ee064779902d721223cfa9f8f58e7e52318c97d139cf7f012d"},
    {file = "psycopg2_binary-2.9.7-cp311-cp311-musllinux_1_1_ppc64le.whl", hash = "sha256:4eec5d36dbcfc076caab61a2114c12094c0b7027d57e9e4387b634e8ab36fd44"},
    {file = "psycopg2_binary-2.9.7-cp311-cp311-musllinux_1_1_x86_64.whl", hash = "sha256:1011eeb0c51e5b9ea1016f0f45fa23aca63966a4c0afcf0340ccabe85a9f65bd"},
    {file = "psycopg2_binary-2.9.7-cp311-cp311-win32.whl", hash = "sha256:ded8e15f7550db9e75c60b3d9fcbc7737fea258a0f10032cdb7edc26c2a671fd"},
    {file = "psycopg2_binary-2.9.7-cp311-cp311-win_amd64.whl", hash = "sha256:8a136c8aaf6615653450817a7abe0fc01e4ea720ae41dfb2823eccae4b9062a3"},
    {file = "psycopg2_binary-2.9.7-cp37-cp37m-macosx_10_9_x86_64.whl", hash = "sha256:2dec5a75a3a5d42b120e88e6ed3e3b37b46459202bb8e36cd67591b6e5feebc1"},
    {file = "psycopg2_binary-2.9.7-cp37-cp37m-manylinux_2_17_aarch64.manylinux2014_aarch64.whl", hash = "sha256:fc10da7e7df3380426521e8c1ed975d22df678639da2ed0ec3244c3dc2ab54c8"},
    {file = "psycopg2_binary-2.9.7-cp37-cp37m-manylinux_2_17_i686.manylinux2014_i686.whl", hash = "sha256:ee919b676da28f78f91b464fb3e12238bd7474483352a59c8a16c39dfc59f0c5"},
    {file = "psycopg2_binary-2.9.7-cp37-cp37m-manylinux_2_17_ppc64le.manylinux2014_ppc64le.whl", hash = "sha256:eb1c0e682138f9067a58fc3c9a9bf1c83d8e08cfbee380d858e63196466d5c86"},
    {file = "psycopg2_binary-2.9.7-cp37-cp37m-manylinux_2_17_x86_64.manylinux2014_x86_64.whl", hash = "sha256:00d8db270afb76f48a499f7bb8fa70297e66da67288471ca873db88382850bf4"},
    {file = "psycopg2_binary-2.9.7-cp37-cp37m-musllinux_1_1_aarch64.whl", hash = "sha256:9b0c2b466b2f4d89ccc33784c4ebb1627989bd84a39b79092e560e937a11d4ac"},
    {file = "psycopg2_binary-2.9.7-cp37-cp37m-musllinux_1_1_i686.whl", hash = "sha256:51d1b42d44f4ffb93188f9b39e6d1c82aa758fdb8d9de65e1ddfe7a7d250d7ad"},
    {file = "psycopg2_binary-2.9.7-cp37-cp37m-musllinux_1_1_ppc64le.whl", hash = "sha256:11abdbfc6f7f7dea4a524b5f4117369b0d757725798f1593796be6ece20266cb"},
    {file = "psycopg2_binary-2.9.7-cp37-cp37m-musllinux_1_1_x86_64.whl", hash = "sha256:f02f4a72cc3ab2565c6d9720f0343cb840fb2dc01a2e9ecb8bc58ccf95dc5c06"},
    {file = "psycopg2_binary-2.9.7-cp37-cp37m-win32.whl", hash = "sha256:81d5dd2dd9ab78d31a451e357315f201d976c131ca7d43870a0e8063b6b7a1ec"},
    {file = "psycopg2_binary-2.9.7-cp37-cp37m-win_amd64.whl", hash = "sha256:62cb6de84d7767164a87ca97e22e5e0a134856ebcb08f21b621c6125baf61f16"},
    {file = "psycopg2_binary-2.9.7-cp38-cp38-macosx_10_9_x86_64.whl", hash = "sha256:59f7e9109a59dfa31efa022e94a244736ae401526682de504e87bd11ce870c22"},
    {file = "psycopg2_binary-2.9.7-cp38-cp38-macosx_11_0_arm64.whl", hash = "sha256:95a7a747bdc3b010bb6a980f053233e7610276d55f3ca506afff4ad7749ab58a"},
    {file = "psycopg2_binary-2.9.7-cp38-cp38-manylinux_2_17_aarch64.manylinux2014_aarch64.whl", hash = "sha256:8c721ee464e45ecf609ff8c0a555018764974114f671815a0a7152aedb9f3343"},
    {file = "psycopg2_binary-2.9.7-cp38-cp38-manylinux_2_17_i686.manylinux2014_i686.whl", hash = "sha256:f4f37bbc6588d402980ffbd1f3338c871368fb4b1cfa091debe13c68bb3852b3"},
    {file = "psycopg2_binary-2.9.7-cp38-cp38-manylinux_2_17_ppc64le.manylinux2014_ppc64le.whl", hash = "sha256:ac83ab05e25354dad798401babaa6daa9577462136ba215694865394840e31f8"},
    {file = "psycopg2_binary-2.9.7-cp38-cp38-manylinux_2_17_x86_64.manylinux2014_x86_64.whl", hash = "sha256:024eaeb2a08c9a65cd5f94b31ace1ee3bb3f978cd4d079406aef85169ba01f08"},
    {file = "psycopg2_binary-2.9.7-cp38-cp38-musllinux_1_1_aarch64.whl", hash = "sha256:1c31c2606ac500dbd26381145684d87730a2fac9a62ebcfbaa2b119f8d6c19f4"},
    {file = "psycopg2_binary-2.9.7-cp38-cp38-musllinux_1_1_i686.whl", hash = "sha256:42a62ef0e5abb55bf6ffb050eb2b0fcd767261fa3faf943a4267539168807522"},
    {file = "psycopg2_binary-2.9.7-cp38-cp38-musllinux_1_1_ppc64le.whl", hash = "sha256:7952807f95c8eba6a8ccb14e00bf170bb700cafcec3924d565235dffc7dc4ae8"},
    {file = "psycopg2_binary-2.9.7-cp38-cp38-musllinux_1_1_x86_64.whl", hash = "sha256:e02bc4f2966475a7393bd0f098e1165d470d3fa816264054359ed4f10f6914ea"},
    {file = "psycopg2_binary-2.9.7-cp38-cp38-win32.whl", hash = "sha256:fdca0511458d26cf39b827a663d7d87db6f32b93efc22442a742035728603d5f"},
    {file = "psycopg2_binary-2.9.7-cp38-cp38-win_amd64.whl", hash = "sha256:d0b16e5bb0ab78583f0ed7ab16378a0f8a89a27256bb5560402749dbe8a164d7"},
    {file = "psycopg2_binary-2.9.7-cp39-cp39-macosx_10_9_x86_64.whl", hash = "sha256:6822c9c63308d650db201ba22fe6648bd6786ca6d14fdaf273b17e15608d0852"},
    {file = "psycopg2_binary-2.9.7-cp39-cp39-macosx_11_0_arm64.whl", hash = "sha256:8f94cb12150d57ea433e3e02aabd072205648e86f1d5a0a692d60242f7809b15"},
    {file = "psycopg2_binary-2.9.7-cp39-cp39-manylinux_2_17_aarch64.manylinux2014_aarch64.whl", hash = "sha256:a5ee89587696d808c9a00876065d725d4ae606f5f7853b961cdbc348b0f7c9a1"},
    {file = "psycopg2_binary-2.9.7-cp39-cp39-manylinux_2_17_i686.manylinux2014_i686.whl", hash = "sha256:ad5ec10b53cbb57e9a2e77b67e4e4368df56b54d6b00cc86398578f1c635f329"},
    {file = "psycopg2_binary-2.9.7-cp39-cp39-manylinux_2_17_ppc64le.manylinux2014_ppc64le.whl", hash = "sha256:642df77484b2dcaf87d4237792246d8068653f9e0f5c025e2c692fc56b0dda70"},
    {file = "psycopg2_binary-2.9.7-cp39-cp39-manylinux_2_17_x86_64.manylinux2014_x86_64.whl", hash = "sha256:a6a8b575ac45af1eaccbbcdcf710ab984fd50af048fe130672377f78aaff6fc1"},
    {file = "psycopg2_binary-2.9.7-cp39-cp39-musllinux_1_1_aarch64.whl", hash = "sha256:f955aa50d7d5220fcb6e38f69ea126eafecd812d96aeed5d5f3597f33fad43bb"},
    {file = "psycopg2_binary-2.9.7-cp39-cp39-musllinux_1_1_i686.whl", hash = "sha256:ad26d4eeaa0d722b25814cce97335ecf1b707630258f14ac4d2ed3d1d8415265"},
    {file = "psycopg2_binary-2.9.7-cp39-cp39-musllinux_1_1_ppc64le.whl", hash = "sha256:ced63c054bdaf0298f62681d5dcae3afe60cbae332390bfb1acf0e23dcd25fc8"},
    {file = "psycopg2_binary-2.9.7-cp39-cp39-musllinux_1_1_x86_64.whl", hash = "sha256:2b04da24cbde33292ad34a40db9832a80ad12de26486ffeda883413c9e1b1d5e"},
    {file = "psycopg2_binary-2.9.7-cp39-cp39-win32.whl", hash = "sha256:18f12632ab516c47c1ac4841a78fddea6508a8284c7cf0f292cb1a523f2e2379"},
    {file = "psycopg2_binary-2.9.7-cp39-cp39-win_amd64.whl", hash = "sha256:eb3b8d55924a6058a26db69fb1d3e7e32695ff8b491835ba9f479537e14dcf9f"},
]

[[package]]
name = "six"
version = "1.16.0"
description = "Python 2 and 3 compatibility utilities"
category = "main"
optional = false
python-versions = ">=2.7, !=3.0.*, !=3.1.*, !=3.2.*"
files = [
    {file = "six-1.16.0-py2.py3-none-any.whl", hash = "sha256:8abb2f1d86890a2dfb989f9a77cfcfd3e47c2a354b01111771326f8aa26e0254"},
    {file = "six-1.16.0.tar.gz", hash = "sha256:1e61c37477a1626458e36f7b1d82aa5c9b094fa4802892072e49de9c60c4c926"},
]

[[package]]
name = "sqlalchemy"
version = "2.0.20"
description = "Database Abstraction Library"
category = "main"
optional = false
python-versions = ">=3.7"
files = [
    {file = "SQLAlchemy-2.0.20-cp310-cp310-macosx_10_9_x86_64.whl", hash = "sha256:759b51346aa388c2e606ee206c0bc6f15a5299f6174d1e10cadbe4530d3c7a98"},
    {file = "SQLAlchemy-2.0.20-cp310-cp310-macosx_11_0_arm64.whl", hash = "sha256:1506e988ebeaaf316f183da601f24eedd7452e163010ea63dbe52dc91c7fc70e"},
    {file = "SQLAlchemy-2.0.20-cp310-cp310-manylinux_2_17_aarch64.manylinux2014_aarch64.whl", hash = "sha256:5768c268df78bacbde166b48be788b83dddaa2a5974b8810af422ddfe68a9bc8"},
    {file = "SQLAlchemy-2.0.20-cp310-cp310-manylinux_2_17_x86_64.manylinux2014_x86_64.whl", hash = "sha256:a3f0dd6d15b6dc8b28a838a5c48ced7455c3e1fb47b89da9c79cc2090b072a50"},
    {file = "SQLAlchemy-2.0.20-cp310-cp310-musllinux_1_1_aarch64.whl", hash = "sha256:243d0fb261f80a26774829bc2cee71df3222587ac789b7eaf6555c5b15651eed"},
    {file = "SQLAlchemy-2.0.20-cp310-cp310-musllinux_1_1_x86_64.whl", hash = "sha256:6eb6d77c31e1bf4268b4d61b549c341cbff9842f8e115ba6904249c20cb78a61"},
    {file = "SQLAlchemy-2.0.20-cp310-cp310-win32.whl", hash = "sha256:bcb04441f370cbe6e37c2b8d79e4af9e4789f626c595899d94abebe8b38f9a4d"},
    {file = "SQLAlchemy-2.0.20-cp310-cp310-win_amd64.whl", hash = "sha256:d32b5ffef6c5bcb452723a496bad2d4c52b346240c59b3e6dba279f6dcc06c14"},
    {file = "SQLAlchemy-2.0.20-cp311-cp311-macosx_10_9_x86_64.whl", hash = "sha256:dd81466bdbc82b060c3c110b2937ab65ace41dfa7b18681fdfad2f37f27acdd7"},
    {file = "SQLAlchemy-2.0.20-cp311-cp311-macosx_11_0_arm64.whl", hash = "sha256:6fe7d61dc71119e21ddb0094ee994418c12f68c61b3d263ebaae50ea8399c4d4"},
    {file = "SQLAlchemy-2.0.20-cp311-cp311-manylinux_2_17_aarch64.manylinux2014_aarch64.whl", hash = "sha256:e4e571af672e1bb710b3cc1a9794b55bce1eae5aed41a608c0401885e3491179"},
    {file = "SQLAlchemy-2.0.20-cp311-cp311-manylinux_2_17_x86_64.manylinux2014_x86_64.whl", hash = "sha256:3364b7066b3c7f4437dd345d47271f1251e0cfb0aba67e785343cdbdb0fff08c"},
    {file = "SQLAlchemy-2.0.20-cp311-cp311-musllinux_1_1_aarch64.whl", hash = "sha256:1be86ccea0c965a1e8cd6ccf6884b924c319fcc85765f16c69f1ae7148eba64b"},
    {file = "SQLAlchemy-2.0.20-cp311-cp311-musllinux_1_1_x86_64.whl", hash = "sha256:1d35d49a972649b5080557c603110620a86aa11db350d7a7cb0f0a3f611948a0"},
    {file = "SQLAlchemy-2.0.20-cp311-cp311-win32.whl", hash = "sha256:27d554ef5d12501898d88d255c54eef8414576f34672e02fe96d75908993cf53"},
    {file = "SQLAlchemy-2.0.20-cp311-cp311-win_amd64.whl", hash = "sha256:411e7f140200c02c4b953b3dbd08351c9f9818d2bd591b56d0fa0716bd014f1e"},
    {file = "SQLAlchemy-2.0.20-cp37-cp37m-macosx_10_9_x86_64.whl", hash = "sha256:3c6aceebbc47db04f2d779db03afeaa2c73ea3f8dcd3987eb9efdb987ffa09a3"},
    {file = "SQLAlchemy-2.0.20-cp37-cp37m-manylinux_2_17_aarch64.manylinux2014_aarch64.whl", hash = "sha256:7d3f175410a6db0ad96b10bfbb0a5530ecd4fcf1e2b5d83d968dd64791f810ed"},
    {file = "SQLAlchemy-2.0.20-cp37-cp37m-manylinux_2_17_x86_64.manylinux2014_x86_64.whl", hash = "sha256:ea8186be85da6587456c9ddc7bf480ebad1a0e6dcbad3967c4821233a4d4df57"},
    {file = "SQLAlchemy-2.0.20-cp37-cp37m-musllinux_1_1_aarch64.whl", hash = "sha256:c3d99ba99007dab8233f635c32b5cd24fb1df8d64e17bc7df136cedbea427897"},
    {file = "SQLAlchemy-2.0.20-cp37-cp37m-musllinux_1_1_x86_64.whl", hash = "sha256:76fdfc0f6f5341987474ff48e7a66c3cd2b8a71ddda01fa82fedb180b961630a"},
    {file = "SQLAlchemy-2.0.20-cp37-cp37m-win32.whl", hash = "sha256:d3793dcf5bc4d74ae1e9db15121250c2da476e1af8e45a1d9a52b1513a393459"},
    {file = "SQLAlchemy-2.0.20-cp37-cp37m-win_amd64.whl", hash = "sha256:79fde625a0a55220d3624e64101ed68a059c1c1f126c74f08a42097a72ff66a9"},
    {file = "SQLAlchemy-2.0.20-cp38-cp38-macosx_10_9_x86_64.whl", hash = "sha256:599ccd23a7146e126be1c7632d1d47847fa9f333104d03325c4e15440fc7d927"},
    {file = "SQLAlchemy-2.0.20-cp38-cp38-macosx_11_0_arm64.whl", hash = "sha256:1a58052b5a93425f656675673ef1f7e005a3b72e3f2c91b8acca1b27ccadf5f4"},
    {file = "SQLAlchemy-2.0.20-cp38-cp38-manylinux_2_17_aarch64.manylinux2014_aarch64.whl", hash = "sha256:79543f945be7a5ada9943d555cf9b1531cfea49241809dd1183701f94a748624"},
    {file = "SQLAlchemy-2.0.20-cp38-cp38-manylinux_2_17_x86_64.manylinux2014_x86_64.whl", hash = "sha256:63e73da7fb030ae0a46a9ffbeef7e892f5def4baf8064786d040d45c1d6d1dc5"},
    {file = "SQLAlchemy-2.0.20-cp38-cp38-musllinux_1_1_aarch64.whl", hash = "sha256:3ce5e81b800a8afc870bb8e0a275d81957e16f8c4b62415a7b386f29a0cb9763"},
    {file = "SQLAlchemy-2.0.20-cp38-cp38-musllinux_1_1_x86_64.whl", hash = "sha256:cb0d3e94c2a84215532d9bcf10229476ffd3b08f481c53754113b794afb62d14"},
    {file = "SQLAlchemy-2.0.20-cp38-cp38-win32.whl", hash = "sha256:8dd77fd6648b677d7742d2c3cc105a66e2681cc5e5fb247b88c7a7b78351cf74"},
    {file = "SQLAlchemy-2.0.20-cp38-cp38-win_amd64.whl", hash = "sha256:6f8a934f9dfdf762c844e5164046a9cea25fabbc9ec865c023fe7f300f11ca4a"},
    {file = "SQLAlchemy-2.0.20-cp39-cp39-macosx_10_9_x86_64.whl", hash = "sha256:26a3399eaf65e9ab2690c07bd5cf898b639e76903e0abad096cd609233ce5208"},
    {file = "SQLAlchemy-2.0.20-cp39-cp39-macosx_11_0_arm64.whl", hash = "sha256:4cde2e1096cbb3e62002efdb7050113aa5f01718035ba9f29f9d89c3758e7e4e"},
    {file = "SQLAlchemy-2.0.20-cp39-cp39-manylinux_2_17_aarch64.manylinux2014_aarch64.whl", hash = "sha256:d1b09ba72e4e6d341bb5bdd3564f1cea6095d4c3632e45dc69375a1dbe4e26ec"},
    {file = "SQLAlchemy-2.0.20-cp39-cp39-manylinux_2_17_x86_64.manylinux2014_x86_64.whl", hash = "sha256:1b74eeafaa11372627ce94e4dc88a6751b2b4d263015b3523e2b1e57291102f0"},
    {file = "SQLAlchemy-2.0.20-cp39-cp39-musllinux_1_1_aarch64.whl", hash = "sha256:77d37c1b4e64c926fa3de23e8244b964aab92963d0f74d98cbc0783a9e04f501"},
    {file = "SQLAlchemy-2.0.20-cp39-cp39-musllinux_1_1_x86_64.whl", hash = "sha256:eefebcc5c555803065128401a1e224a64607259b5eb907021bf9b175f315d2a6"},
    {file = "SQLAlchemy-2.0.20-cp39-cp39-win32.whl", hash = "sha256:3423dc2a3b94125094897118b52bdf4d37daf142cbcf26d48af284b763ab90e9"},
    {file = "SQLAlchemy-2.0.20-cp39-cp39-win_amd64.whl", hash = "sha256:5ed61e3463021763b853628aef8bc5d469fe12d95f82c74ef605049d810f3267"},
    {file = "SQLAlchemy-2.0.20-py3-none-any.whl", hash = "sha256:63a368231c53c93e2b67d0c5556a9836fdcd383f7e3026a39602aad775b14acf"},
    {file = "SQLAlchemy-2.0.20.tar.gz", hash = "sha256:ca8a5ff2aa7f3ade6c498aaafce25b1eaeabe4e42b73e25519183e4566a16fc6"},
]

[package.dependencies]
greenlet = {version = "!=0.4.17", markers = "platform_machine == \"aarch64\" or platform_machine == \"ppc64le\" or platform_machine == \"x86_64\" or platform_machine == \"amd64\" or platform_machine == \"AMD64\" or platform_machine == \"win32\" or platform_machine == \"WIN32\""}
typing-extensions = ">=4.2.0"

[package.extras]
aiomysql = ["aiomysql (>=0.2.0)", "greenlet (!=0.4.17)"]
aiosqlite = ["aiosqlite", "greenlet (!=0.4.17)", "typing-extensions (!=3.10.0.1)"]
asyncio = ["greenlet (!=0.4.17)"]
asyncmy = ["asyncmy (>=0.2.3,!=0.2.4,!=0.2.6)", "greenlet (!=0.4.17)"]
mariadb-connector = ["mariadb (>=1.0.1,!=1.1.2,!=1.1.5)"]
mssql = ["pyodbc"]
mssql-pymssql = ["pymssql"]
mssql-pyodbc = ["pyodbc"]
mypy = ["mypy (>=0.910)"]
mysql = ["mysqlclient (>=1.4.0)"]
mysql-connector = ["mysql-connector-python"]
oracle = ["cx-oracle (>=7)"]
oracle-oracledb = ["oracledb (>=1.0.1)"]
postgresql = ["psycopg2 (>=2.7)"]
postgresql-asyncpg = ["asyncpg", "greenlet (!=0.4.17)"]
postgresql-pg8000 = ["pg8000 (>=1.29.1)"]
postgresql-psycopg = ["psycopg (>=3.0.7)"]
postgresql-psycopg2binary = ["psycopg2-binary"]
postgresql-psycopg2cffi = ["psycopg2cffi"]
postgresql-psycopgbinary = ["psycopg[binary] (>=3.0.7)"]
pymysql = ["pymysql"]
sqlcipher = ["sqlcipher3-binary"]

[[package]]
name = "typing-extensions"
version = "4.7.1"
description = "Backported and Experimental Type Hints for Python 3.7+"
category = "main"
optional = false
python-versions = ">=3.7"
files = [
    {file = "typing_extensions-4.7.1-py3-none-any.whl", hash = "sha256:440d5dd3af93b060174bf433bccd69b0babc3b15b1a8dca43789fd7f61514b36"},
    {file = "typing_extensions-4.7.1.tar.gz", hash = "sha256:b75ddc264f0ba5615db7ba217daeb99701ad295353c45f9e95963337ceeeffb2"},
]

[metadata]
lock-version = "2.0"
python-versions = "^3.11"
content-hash = "b0647de74fa1e26105b89f702ad8bb40aaf4fa514363230f1ba6b658a5aa2ca6"
